{
  "originHash" : "b242cc8dda376feff0eae367063f60c5615cc55ec71342c5f99ae6d49ebd05ce",
  "pins" : [
    {
      "identity" : "mpvkit",
      "kind" : "remoteSourceControl",
      "location" : "https://github.com/mpvkit/MPVKit.git",
      "state" : {
        "revision" : "613c0ccc3acf70e136aaff880a9b5fe8fdfaf5b8",
        "version" : "0.41.0"
      }
    }
  ],
  "version" : 3
}
